
Microsoft Visual Studio Solution File, Format Version 12.00
# Visual Studio Version 17
VisualStudioVersion = 17.7.34003.232
MinimumVisualStudioVersion = 10.0.40219.1
Project("{FAE04EC0-301F-11D3-BF4B-00C04F79EFBC}") = "nnTools", "nnTools\nnTools.csproj", "{EE5B10CF-6187-4A4B-9759-A36A09CB357F}"
EndProject
Global
	GlobalSection(SolutionConfigurationPlatforms) = preSolution
		Debug|Any CPU = Debug|Any CPU
		Release|Any CPU = Release|Any CPU
	EndGlobalSection
	GlobalSection(ProjectConfigurationPlatforms) = postSolution
		{EE5B10CF-6187-4A4B-9759-A36A09CB357F}.Debug|Any CPU.ActiveCfg = Debug|Any CPU
		{EE5B10CF-6187-4A4B-9759-A36A09CB357F}.Debug|Any CPU.Build.0 = Debug|Any CPU
		{EE5B10CF-6187-4A4B-9759-A36A09CB357F}.Release|Any CPU.ActiveCfg = Release|Any CPU
		{EE5B10CF-6187-4A4B-9759-A36A09CB357F}.Release|Any CPU.Build.0 = Release|Any CPU
	EndGlobalSection
	GlobalSection(SolutionProperties) = preSolution
		HideSolutionNode = FALSE
	EndGlobalSection
	GlobalSection(ExtensibilityGlobals) = postSolution
		SolutionGuid = {8E5A0316-FA96-49D1-81CD-0D0309677C97}
	EndGlobalSection
EndGlobal
